
Microsoft Visual Studio Solution File, Format Version 12.00
# Visual Studio Version 16
VisualStudioVersion = 16.0.29025.244
MinimumVisualStudioVersion = 10.0.40219.1
Project("{FAE04EC0-301F-11D3-BF4B-00C04F79EFBC}") = "dotnetappv8", "dotnetappv8\dotnetappv8.csproj", "{86740668-EEB6-400C-869A-25C4D17F3C71}"
EndProject
Global
	GlobalSection(SolutionConfigurationPlatforms) = preSolution
		Debug|Any CPU = Debug|Any CPU
		Release|Any CPU = Release|Any CPU
	EndGlobalSection
	GlobalSection(ProjectConfigurationPlatforms) = postSolution
		{86740668-EEB6-400C-869A-25C4D17F3C71}.Debug|Any CPU.ActiveCfg = Debug|Any CPU
		{86740668-EEB6-400C-869A-25C4D17F3C71}.Debug|Any CPU.Build.0 = Debug|Any CPU
		{86740668-EEB6-400C-869A-25C4D17F3C71}.Release|Any CPU.ActiveCfg = Release|Any CPU
		{86740668-EEB6-400C-869A-25C4D17F3C71}.Release|Any CPU.Build.0 = Release|Any CPU
	EndGlobalSection
	GlobalSection(SolutionProperties) = preSolution
		HideSolutionNode = FALSE
	EndGlobalSection
	GlobalSection(ExtensibilityGlobals) = postSolution
		SolutionGuid = {52DB327A-6FA6-473D-953B-A18C17AA809B}
	EndGlobalSection
EndGlobal
